Microsoft Visual Studio Solution File, Format Version 12.00
# Visual Studio Version 17
VisualStudioVersion = 17.5.2.0
MinimumVisualStudioVersion = 10.0.40219.1
Project("{FAE04EC0-301F-11D3-BF4B-00C04F79EFBC}") = "Sport.App", "App\App.csproj", "{6F88C63F-2C99-98C6-B868-D139C9D34EBD}"
EndProject
Project("{FAE04EC0-301F-11D3-BF4B-00C04F79EFBC}") = "Sport.App.Tests", "Tests\App.Tests.csproj", "{9F3F59A4-E00A-43A5-963C-C022B2E503E2}"
EndProject
Global
	GlobalSection(SolutionConfigurationPlatforms) = preSolution
		Debug|Any CPU = Debug|Any CPU
		Release|Any CPU = Release|Any CPU
	EndGlobalSection
	GlobalSection(ProjectConfigurationPlatforms) = postSolution
		{6F88C63F-2C99-98C6-B868-D139C9D34EBD}.Debug|Any CPU.ActiveCfg = Debug|Any CPU
		{6F88C63F-2C99-98C6-B868-D139C9D34EBD}.Debug|Any CPU.Build.0 = Debug|Any CPU
		{6F88C63F-2C99-98C6-B868-D139C9D34EBD}.Release|Any CPU.ActiveCfg = Release|Any CPU
		{6F88C63F-2C99-98C6-B868-D139C9D34EBD}.Release|Any CPU.Build.0 = Release|Any CPU
		{9F3F59A4-E00A-43A5-963C-C022B2E503E2}.Debug|Any CPU.ActiveCfg = Debug|Any CPU
		{9F3F59A4-E00A-43A5-963C-C022B2E503E2}.Debug|Any CPU.Build.0 = Debug|Any CPU
		{9F3F59A4-E00A-43A5-963C-C022B2E503E2}.Release|Any CPU.ActiveCfg = Release|Any CPU
		{9F3F59A4-E00A-43A5-963C-C022B2E503E2}.Release|Any CPU.Build.0 = Release|Any CPU
	EndGlobalSection
	GlobalSection(SolutionProperties) = preSolution
		HideSolutionNode = FALSE
	EndGlobalSection
	GlobalSection(ExtensibilityGlobals) = postSolution
		SolutionGuid = {BE53590D-050B-448D-9EBC-F5EF847E1371}
	EndGlobalSection
EndGlobal
